Microsoft Visual Studio Solution File, Format Version 11.00
# Visual Studio 2008

Project("{A274892A-7EE7-BE9C-6C62-7363F020183D}") = "resurrection", "Assembly-CSharp.csproj", "{86271EF6-C2DA-96F0-C45B-4EE9994A164E}"
EndProject
Global
	GlobalSection(SolutionConfigurationPlatforms) = preSolution
		Debug|Any CPU = Debug|Any CPU
		Release|Any CPU = Release|Any CPU
	EndGlobalSection
	GlobalSection(ProjectConfigurationPlatforms) = postSolution
		{86271EF6-C2DA-96F0-C45B-4EE9994A164E}.Debug|Any CPU.ActiveCfg = Debug|Any CPU
		{86271EF6-C2DA-96F0-C45B-4EE9994A164E}.Debug|Any CPU.Build.0 = Debug|Any CPU
		{86271EF6-C2DA-96F0-C45B-4EE9994A164E}.Release|Any CPU.ActiveCfg = Release|Any CPU
		{86271EF6-C2DA-96F0-C45B-4EE9994A164E}.Release|Any CPU.Build.0 = Release|Any CPU
	EndGlobalSection
	GlobalSection(SolutionProperties) = preSolution
		HideSolutionNode = FALSE
	EndGlobalSection
											GlobalSection(MonoDevelopProperties) = preSolution
		StartupItem = Assembly-CSharp.csproj
	EndGlobalSection

EndGlobal
